
Microsoft Visual Studio Solution File, Format Version 12.00
# Visual Studio Version 16
VisualStudioVersion = 16.0.29424.173
MinimumVisualStudioVersion = 10.0.40219.1
Project("{FAE04EC0-301F-11D3-BF4B-00C04F79EFBC}") = "AbstractFactory", "AbstractFactory\AbstractFactory.csproj", "{FB61372D-A7CC-45A8-B371-1A93DDAC5BD0}"
EndProject
Global
	GlobalSection(SolutionConfigurationPlatforms) = preSolution
		Debug|Any CPU = Debug|Any CPU
		Release|Any CPU = Release|Any CPU
	EndGlobalSection
	GlobalSection(ProjectConfigurationPlatforms) = postSolution
		{FB61372D-A7CC-45A8-B371-1A93DDAC5BD0}.Debug|Any CPU.ActiveCfg = Debug|Any CPU
		{FB61372D-A7CC-45A8-B371-1A93DDAC5BD0}.Debug|Any CPU.Build.0 = Debug|Any CPU
		{FB61372D-A7CC-45A8-B371-1A93DDAC5BD0}.Release|Any CPU.ActiveCfg = Release|Any CPU
		{FB61372D-A7CC-45A8-B371-1A93DDAC5BD0}.Release|Any CPU.Build.0 = Release|Any CPU
	EndGlobalSection
	GlobalSection(SolutionProperties) = preSolution
		HideSolutionNode = FALSE
	EndGlobalSection
	GlobalSection(ExtensibilityGlobals) = postSolution
		SolutionGuid = {E622435F-C5B1-48D2-A606-93E1C3C91DEE}
	EndGlobalSection
EndGlobal
